{
  "name": "zad",
  "version": "0.1.0",
  "lockfileVersion": 3,
  "requires": true,
  "packages": {
    "": {
      "name": "zad",
      "version": "0.1.0",
      "devDependencies": {
        "@types/node": "^25.9.1",
        "fallow": "^2.86.0",
        "typescript": "^6.0.3"
      }
    },
    "node_modules/@fallow-cli/darwin-arm64": {
      "version": "2.86.0",
      "resolved": "https://registry.npmjs.org/@fallow-cli/darwin-arm64/-/darwin-arm64-2.86.0.tgz",
      "integrity": "sha512-MOAi1tP+pho98AUEgmA5ziWSDsbr0KWQXNuk9GrptYDBsH0H+Jf9qdW8m3ilJXcgL5+RO8RTH/5Nfkhq0uoMYA==",
      "cpu": [
        "arm64"
      ],
      "dev": true,
      "license": "MIT",
      "optional": true,
      "os": [
        "darwin"
      ]
    },
    "node_modules/@fallow-cli/darwin-x64": {
      "version": "2.86.0",
      "resolved": "https://registry.npmjs.org/@fallow-cli/darwin-x64/-/darwin-x64-2.86.0.tgz",
      "integrity": "sha512-8mzvGhbZZ8KSG2ZEKnVpiL3Vp9lX4fep2HI8eHt3VDuhMkz8t5n3WRBaBS7LLGTCfLDZ9QPDWhSNCTkx/Llhxw==",
      "cpu": [
        "x64"
      ],
      "dev": true,
      "license": "MIT",
      "optional": true,
      "os": [
        "darwin"
      ]
    },
    "node_modules/@fallow-cli/linux-arm64-gnu": {
      "version": "2.86.0",
      "resolved": "https://registry.npmjs.org/@fallow-cli/linux-arm64-gnu/-/linux-arm64-gnu-2.86.0.tgz",
      "integrity": "sha512-1N/GCf48xp0Rh9T1JrBvKXAwn1V/+UdCsc2QgF5IrUnwD1JjTG1+/mMg5XwKmrJNPfznJzgzyYGlyfdBeJlqwA==",
      "cpu": [
        "arm64"
      ],
      "dev": true,
      "license": "MIT",
      "optional": true,
      "os": [
        "linux"
      ]
    },
    "node_modules/@fallow-cli/linux-arm64-musl": {
      "version": "2.86.0",
      "resolved": "https://registry.npmjs.org/@fallow-cli/linux-arm64-musl/-/linux-arm64-musl-2.86.0.tgz",
      "integrity": "sha512-/H8eK3JpLOq3l5ccEoVVuRssM528vYjk06fy9AcjIvVAGnESErfHQkmGkzAU3nquNL/tlqz88OoBvX+rayDKzQ==",
      "cpu": [
        "arm64"
      ],
      "dev": true,
      "license": "MIT",
      "optional": true,
      "os": [
        "linux"
      ]
    },
    "node_modules/@fallow-cli/linux-x64-gnu": {
      "version": "2.86.0",
      "resolved": "https://registry.npmjs.org/@fallow-cli/linux-x64-gnu/-/linux-x64-gnu-2.86.0.tgz",
      "integrity": "sha512-svu6wYoCnb1zjZFGjWGtmf8PMiN3SLBn7HYrkA/hXsFK3VRQLFXzts2dJOJ2kHN18rhCExBCQcqukuc/SOoKiA==",
      "cpu": [
        "x64"
      ],
      "dev": true,
      "license": "MIT",
      "optional": true,
      "os": [
        "linux"
      ]
    },
    "node_modules/@fallow-cli/linux-x64-musl": {
      "version": "2.86.0",
      "resolved": "https://registry.npmjs.org/@fallow-cli/linux-x64-musl/-/linux-x64-musl-2.86.0.tgz",
      "integrity": "sha512-pOr4ka4lUIdExkxG0/5cofETE1QY0DI1hbnGJxfLu3Ui0gr9A0H1Dl+ipo5oMJbMFaUiEMAFRCrtNx/j3tA/fg==",
      "cpu": [
        "x64"
      ],
      "dev": true,
      "license": "MIT",
      "optional": true,
      "os": [
        "linux"
      ]
    },
    "node_modules/@fallow-cli/win32-arm64-msvc": {
      "version": "2.86.0",
      "resolved": "https://registry.npmjs.org/@fallow-cli/win32-arm64-msvc/-/win32-arm64-msvc-2.86.0.tgz",
      "integrity": "sha512-GmUU/l3euQkNcp5i6ZaUttjTrg2WEYohRCLMqWOUrY0CNaj/ejZ3bhDC+ZZIJZVuWg7sEFACi8wbXhc0rwVb9g==",
      "cpu": [
        "arm64"
      ],
      "dev": true,
      "license": "MIT",
      "optional": true,
      "os": [
        "win32"
      ]
    },
    "node_modules/@fallow-cli/win32-x64-msvc": {
      "version": "2.86.0",
      "resolved": "https://registry.npmjs.org/@fallow-cli/win32-x64-msvc/-/win32-x64-msvc-2.86.0.tgz",
      "integrity": "sha512-6c+y+QrhfiRQGiqo0QbZ5uoMxuSFichOVzPbZtagvUSO6LGogyB0qH+vNL2kk74NpD6knSXO8vrebhnsBJeI7Q==",
      "cpu": [
        "x64"
      ],
      "dev": true,
      "license": "MIT",
      "optional": true,
      "os": [
        "win32"
      ]
    },
    "node_modules/@types/node": {
      "version": "25.9.1",
      "resolved": "https://registry.npmjs.org/@types/node/-/node-25.9.1.tgz",
      "integrity": "sha512-xfrlY7UD5rMJk3ZVJP8BNzS28J36YJg+xp+LPXV1TdWxr8uMH5A860QNxYDGQe/ylDSgjxE52Q9VnO7p75tJxg==",
      "dev": true,
      "license": "MIT",
      "dependencies": {
        "undici-types": ">=7.24.0 <7.24.7"
      }
    },
    "node_modules/detect-libc": {
      "version": "2.1.2",
      "resolved": "https://registry.npmjs.org/detect-libc/-/detect-libc-2.1.2.tgz",
      "integrity": "sha512-Btj2BOOO83o3WyH59e8MgXsxEQVcarkUOpEYrubB0urwnN10yQ364rsiByU11nZlqWYZm05i/of7io4mzihBtQ==",
      "dev": true,
      "license": "Apache-2.0",
      "engines": {
        "node": ">=8"
      }
    },
    "node_modules/fallow": {
      "version": "2.86.0",
      "resolved": "https://registry.npmjs.org/fallow/-/fallow-2.86.0.tgz",
      "integrity": "sha512-jHSTWCrvU2Llq7M0bDniTR2aqxWOwJO8BsV2IIl4lOfysJ0bd/3APu3qZ5wJZ+FE40t5DKlMEFQeURMpEb0Rig==",
      "dev": true,
      "license": "MIT",
      "dependencies": {
        "detect-libc": "2.1.2"
      },
      "bin": {
        "fallow": "bin/fallow",
        "fallow-lsp": "bin/fallow-lsp",
        "fallow-mcp": "bin/fallow-mcp"
      },
      "engines": {
        "node": ">=16"
      },
      "optionalDependencies": {
        "@fallow-cli/darwin-arm64": "2.86.0",
        "@fallow-cli/darwin-x64": "2.86.0",
        "@fallow-cli/linux-arm64-gnu": "2.86.0",
        "@fallow-cli/linux-arm64-musl": "2.86.0",
        "@fallow-cli/linux-x64-gnu": "2.86.0",
        "@fallow-cli/linux-x64-musl": "2.86.0",
        "@fallow-cli/win32-arm64-msvc": "2.86.0",
        "@fallow-cli/win32-x64-msvc": "2.86.0"
      }
    },
    "node_modules/typescript": {
      "version": "6.0.3",
      "resolved": "https://registry.npmjs.org/typescript/-/typescript-6.0.3.tgz",
      "integrity": "sha512-y2TvuxSZPDyQakkFRPZHKFm+KKVqIisdg9/CZwm9ftvKXLP8NRWj38/ODjNbr43SsoXqNuAisEf1GdCxqWcdBw==",
      "dev": true,
      "license": "Apache-2.0",
      "bin": {
        "tsc": "bin/tsc",
        "tsserver": "bin/tsserver"
      },
      "engines": {
        "node": ">=14.17"
      }
    },
    "node_modules/undici-types": {
      "version": "7.24.6",
      "resolved": "https://registry.npmjs.org/undici-types/-/undici-types-7.24.6.tgz",
      "integrity": "sha512-WRNW+sJgj5OBN4/0JpHFqtqzhpbnV0GuB+OozA9gCL7a993SmU+1JBZCzLNxYsbMfIeDL+lTsphD5jN5N+n0zg==",
      "dev": true,
      "license": "MIT"
    }
  }
}
